// !$*UTF8*$!
{
	archiveVersion = 1;
	classes = {
	};
	objectVersion = 50;
	objects = {

/* Begin PBXBuildFile section */
		48104A702133C2CD00A8DBE7 /* AppDelegate.m in Sources */ = {isa = PBXBuildFile; fileRef = 48104A6F2133C2CD00A8DBE7 /* AppDelegate.m */; };
		48104A762133C2CD00A8DBE7 /* Main.storyboard in Resources */ = {isa = PBXBuildFile; fileRef = 48104A742133C2CD00A8DBE7 /* Main.storyboard */; };
		48104A782133C2CD00A8DBE7 /* Assets.xcassets in Resources */ = {isa = PBXBuildFile; fileRef = 48104A772133C2CD00A8DBE7 /* Assets.xcassets */; };
		48104A7B2133C2CD00A8DBE7 /* LaunchScreen.storyboard in Resources */ = {isa = PBXBuildFile; fileRef = 48104A792133C2CD00A8DBE7 /* LaunchScreen.storyboard */; };
		48104A7E2133C2CD00A8DBE7 /* main.m in Sources */ = {isa = PBXBuildFile; fileRef = 48104A7D2133C2CD00A8DBE7 /* main.m */; };
		48104A882133C2CD00A8DBE7 /* webdemoTests.m in Sources */ = {isa = PBXBuildFile; fileRef = 48104A872133C2CD00A8DBE7 /* webdemoTests.m */; };
		48104A932133C2CD00A8DBE7 /* webdemoUITests.m in Sources */ = {isa = PBXBuildFile; fileRef = 48104A922133C2CD00A8DBE7 /* webdemoUITests.m */; };
		48104AAB2134DD6900A8DBE7 /* WebViewController.m in Sources */ = {isa = PBXBuildFile; fileRef = 48104AAA2134DD6900A8DBE7 /* WebViewController.m */; };
		48104AAE2134DDC000A8DBE7 /* WebViewCell.m in Sources */ = {isa = PBXBuildFile; fileRef = 48104AAD2134DDC000A8DBE7 /* WebViewCell.m */; };
		48104AB12134DDEA00A8DBE7 /* TextViewCell.m in Sources */ = {isa = PBXBuildFile; fileRef = 48104AB02134DDEA00A8DBE7 /* TextViewCell.m */; };
		48104ACC2134DE0100A8DBE7 /* NSLayoutConstraint+MASDebugAdditions.m in Sources */ = {isa = PBXBuildFile; fileRef = 48104AB42134DE0100A8DBE7 /* NSLayoutConstraint+MASDebugAdditions.m */; };
		48104ACD2134DE0100A8DBE7 /* ViewController+MASAdditions.m in Sources */ = {isa = PBXBuildFile; fileRef = 48104ABD2134DE0100A8DBE7 /* ViewController+MASAdditions.m */; };
		48104ACE2134DE0100A8DBE7 /* MASCompositeConstraint.m in Sources */ = {isa = PBXBuildFile; fileRef = 48104AC12134DE0100A8DBE7 /* MASCompositeConstraint.m */; };
		48104ACF2134DE0100A8DBE7 /* MASConstraintMaker.m in Sources */ = {isa = PBXBuildFile; fileRef = 48104AC22134DE0100A8DBE7 /* MASConstraintMaker.m */; };
		48104AD02134DE0100A8DBE7 /* MASLayoutConstraint.m in Sources */ = {isa = PBXBuildFile; fileRef = 48104AC32134DE0100A8DBE7 /* MASLayoutConstraint.m */; };
		48104AD12134DE0100A8DBE7 /* NSArray+MASAdditions.m in Sources */ = {isa = PBXBuildFile; fileRef = 48104AC42134DE0100A8DBE7 /* NSArray+MASAdditions.m */; };
		48104AD22134DE0100A8DBE7 /* View+MASAdditions.m in Sources */ = {isa = PBXBuildFile; fileRef = 48104AC52134DE0100A8DBE7 /* View+MASAdditions.m */; };
		48104AD32134DE0100A8DBE7 /* MASConstraint.m in Sources */ = {isa = PBXBuildFile; fileRef = 48104AC82134DE0100A8DBE7 /* MASConstraint.m */; };
		48104AD42134DE0100A8DBE7 /* MASViewConstraint.m in Sources */ = {isa = PBXBuildFile; fileRef = 48104ACA2134DE0100A8DBE7 /* MASViewConstraint.m */; };
		48104AD52134DE0100A8DBE7 /* MASViewAttribute.m in Sources */ = {isa = PBXBuildFile; fileRef = 48104ACB2134DE0100A8DBE7 /* MASViewAttribute.m */; };
/* End PBXBuildFile section */

/* Begin PBXContainerItemProxy section */
		48104A842133C2CD00A8DBE7 /* PBXContainerItemProxy */ = {
			isa = PBXContainerItemProxy;
			containerPortal = 48104A632133C2CC00A8DBE7 /* Project object */;
			proxyType = 1;
			remoteGlobalIDString = 48104A6A2133C2CC00A8DBE7;
			remoteInfo = webdemo;
		};
		48104A8F2133C2CD00A8DBE7 /* PBXContainerItemProxy */ = {
			isa = PBXContainerItemProxy;
			containerPortal = 48104A632133C2CC00A8DBE7 /* Project object */;
			proxyType = 1;
			remoteGlobalIDString = 48104A6A2133C2CC00A8DBE7;
			remoteInfo = webdemo;
		};
/* End PBXContainerItemProxy section */

/* Begin PBXFileReference section */
		48104A6B2133C2CC00A8DBE7 /* webdemo.app */ = {isa = PBXFileReference; explicitFileType = wrapper.application; includeInIndex = 0; path = webdemo.app; sourceTree = BUILT_PRODUCTS_DIR; };
		48104A6E2133C2CC00A8DBE7 /* AppDelegate.h */ = {isa = PBXFileReference; lastKnownFileType = sourcecode.c.h; path = AppDelegate.h; sourceTree = "<group>"; };
		48104A6F2133C2CD00A8DBE7 /* AppDelegate.m */ = {isa = PBXFileReference; lastKnownFileType = sourcecode.c.objc; path = AppDelegate.m; sourceTree = "<group>"; };
		48104A752133C2CD00A8DBE7 /* Base */ = {isa = PBXFileReference; lastKnownFileType = file.storyboard; name = Base; path = Base.lproj/Main.storyboard; sourceTree = "<group>"; };
		48104A772133C2CD00A8DBE7 /* Assets.xcassets */ = {isa = PBXFileReference; lastKnownFileType = folder.assetcatalog; path = Assets.xcassets; sourceTree = "<group>"; };
		48104A7A2133C2CD00A8DBE7 /* Base */ = {isa = PBXFileReference; lastKnownFileType = file.storyboard; name = Base; path = Base.lproj/LaunchScreen.storyboard; sourceTree = "<group>"; };
		48104A7C2133C2CD00A8DBE7 /* Info.plist */ = {isa = PBXFileReference; lastKnownFileType = text.plist.xml; path = Info.plist; sourceTree = "<group>"; };
		48104A7D2133C2CD00A8DBE7 /* main.m */ = {isa = PBXFileReference; lastKnownFileType = sourcecode.c.objc; path = main.m; sourceTree = "<group>"; };
		48104A832133C2CD00A8DBE7 /* webdemoTests.xctest */ = {isa = PBXFileReference; explicitFileType = wrapper.cfbundle; includeInIndex = 0; path = webdemoTests.xctest; sourceTree = BUILT_PRODUCTS_DIR; };
		48104A872133C2CD00A8DBE7 /* webdemoTests.m */ = {isa = PBXFileReference; lastKnownFileType = sourcecode.c.objc; path = webdemoTests.m; sourceTree = "<group>"; };
		48104A892133C2CD00A8DBE7 /* Info.plist */ = {isa = PBXFileReference; lastKnownFileType = text.plist.xml; path = Info.plist; sourceTree = "<group>"; };
		48104A8E2133C2CD00A8DBE7 /* webdemoUITests.xctest */ = {isa = PBXFileReference; explicitFileType = wrapper.cfbundle; includeInIndex = 0; path = webdemoUITests.xctest; sourceTree = BUILT_PRODUCTS_DIR; };
		48104A922133C2CD00A8DBE7 /* webdemoUITests.m */ = {isa = PBXFileReference; lastKnownFileType = sourcecode.c.objc; path = webdemoUITests.m; sourceTree = "<group>"; };
		48104A942133C2CD00A8DBE7 /* Info.plist */ = {isa = PBXFileReference; lastKnownFileType = text.plist.xml; path = Info.plist; sourceTree = "<group>"; };
		48104AA92134DD6900A8DBE7 /* WebViewController.h */ = {isa = PBXFileReference; lastKnownFileType = sourcecode.c.h; path = WebViewController.h; sourceTree = "<group>"; };
		48104AAA2134DD6900A8DBE7 /* WebViewController.m */ = {isa = PBXFileReference; lastKnownFileType = sourcecode.c.objc; path = WebViewController.m; sourceTree = "<group>"; };
		48104AAC2134DDBF00A8DBE7 /* WebViewCell.h */ = {isa = PBXFileReference; lastKnownFileType = sourcecode.c.h; path = WebViewCell.h; sourceTree = "<group>"; };
		48104AAD2134DDC000A8DBE7 /* WebViewCell.m */ = {isa = PBXFileReference; lastKnownFileType = sourcecode.c.objc; path = WebViewCell.m; sourceTree = "<group>"; };
		48104AAF2134DDEA00A8DBE7 /* TextViewCell.h */ = {isa = PBXFileReference; lastKnownFileType = sourcecode.c.h; path = TextViewCell.h; sourceTree = "<group>"; };
		48104AB02134DDEA00A8DBE7 /* TextViewCell.m */ = {isa = PBXFileReference; lastKnownFileType = sourcecode.c.objc; path = TextViewCell.m; sourceTree = "<group>"; };
		48104AB32134DE0100A8DBE7 /* MASCompositeConstraint.h */ = {isa = PBXFileReference; fileEncoding = 4; lastKnownFileType = sourcecode.c.h; path = MASCompositeConstraint.h; sourceTree = "<group>"; };
		48104AB42134DE0100A8DBE7 /* NSLayoutConstraint+MASDebugAdditions.m */ = {isa = PBXFileReference; fileEncoding = 4; lastKnownFileType = sourcecode.c.objc; path = "NSLayoutConstraint+MASDebugAdditions.m"; sourceTree = "<group>"; };
		48104AB52134DE0100A8DBE7 /* MASConstraint+Private.h */ = {isa = PBXFileReference; fileEncoding = 4; lastKnownFileType = sourcecode.c.h; path = "MASConstraint+Private.h"; sourceTree = "<group>"; };
		48104AB62134DE0100A8DBE7 /* MASLayoutConstraint.h */ = {isa = PBXFileReference; fileEncoding = 4; lastKnownFileType = sourcecode.c.h; path = MASLayoutConstraint.h; sourceTree = "<group>"; };
		48104AB72134DE0100A8DBE7 /* NSArray+MASShorthandAdditions.h */ = {isa = PBXFileReference; fileEncoding = 4; lastKnownFileType = sourcecode.c.h; path = "NSArray+MASShorthandAdditions.h"; sourceTree = "<group>"; };
		48104AB82134DE0100A8DBE7 /* MASConstraintMaker.h */ = {isa = PBXFileReference; fileEncoding = 4; lastKnownFileType = sourcecode.c.h; path = MASConstraintMaker.h; sourceTree = "<group>"; };
		48104AB92134DE0100A8DBE7 /* View+MASAdditions.h */ = {isa = PBXFileReference; fileEncoding = 4; lastKnownFileType = sourcecode.c.h; path = "View+MASAdditions.h"; sourceTree = "<group>"; };
		48104ABA2134DE0100A8DBE7 /* NSArray+MASAdditions.h */ = {isa = PBXFileReference; fileEncoding = 4; lastKnownFileType = sourcecode.c.h; path = "NSArray+MASAdditions.h"; sourceTree = "<group>"; };
		48104ABB2134DE0100A8DBE7 /* MASUtilities.h */ = {isa = PBXFileReference; fileEncoding = 4; lastKnownFileType = sourcecode.c.h; path = MASUtilities.h; sourceTree = "<group>"; };
		48104ABC2134DE0100A8DBE7 /* MASViewAttribute.h */ = {isa = PBXFileReference; fileEncoding = 4; lastKnownFileType = sourcecode.c.h; path = MASViewAttribute.h; sourceTree = "<group>"; };
		48104ABD2134DE0100A8DBE7 /* ViewController+MASAdditions.m */ = {isa = PBXFileReference; fileEncoding = 4; lastKnownFileType = sourcecode.c.objc; path = "ViewController+MASAdditions.m"; sourceTree = "<group>"; };
		48104ABE2134DE0100A8DBE7 /* MASViewConstraint.h */ = {isa = PBXFileReference; fileEncoding = 4; lastKnownFileType = sourcecode.c.h; path = MASViewConstraint.h; sourceTree = "<group>"; };
		48104ABF2134DE0100A8DBE7 /* MASConstraint.h */ = {isa = PBXFileReference; fileEncoding = 4; lastKnownFileType = sourcecode.c.h; path = MASConstraint.h; sourceTree = "<group>"; };
		48104AC02134DE0100A8DBE7 /* NSLayoutConstraint+MASDebugAdditions.h */ = {isa = PBXFileReference; fileEncoding = 4; lastKnownFileType = sourcecode.c.h; path = "NSLayoutConstraint+MASDebugAdditions.h"; sourceTree = "<group>"; };
		48104AC12134DE0100A8DBE7 /* MASCompositeConstraint.m */ = {isa = PBXFileReference; fileEncoding = 4; lastKnownFileType = sourcecode.c.objc; path = MASCompositeConstraint.m; sourceTree = "<group>"; };
		48104AC22134DE0100A8DBE7 /* MASConstraintMaker.m */ = {isa = PBXFileReference; fileEncoding = 4; lastKnownFileType = sourcecode.c.objc; path = MASConstraintMaker.m; sourceTree = "<group>"; };
		48104AC32134DE0100A8DBE7 /* MASLayoutConstraint.m */ = {isa = PBXFileReference; fileEncoding = 4; lastKnownFileType = sourcecode.c.objc; path = MASLayoutConstraint.m; sourceTree = "<group>"; };
		48104AC42134DE0100A8DBE7 /* NSArray+MASAdditions.m */ = {isa = PBXFileReference; fileEncoding = 4; lastKnownFileType = sourcecode.c.objc; path = "NSArray+MASAdditions.m"; sourceTree = "<group>"; };
		48104AC52134DE0100A8DBE7 /* View+MASAdditions.m */ = {isa = PBXFileReference; fileEncoding = 4; lastKnownFileType = sourcecode.c.objc; path = "View+MASAdditions.m"; sourceTree = "<group>"; };
		48104AC62134DE0100A8DBE7 /* View+MASShorthandAdditions.h */ = {isa = PBXFileReference; fileEncoding = 4; lastKnownFileType = sourcecode.c.h; path = "View+MASShorthandAdditions.h"; sourceTree = "<group>"; };
		48104AC72134DE0100A8DBE7 /* Masonry.h */ = {isa = PBXFileReference; fileEncoding = 4; lastKnownFileType = sourcecode.c.h; path = Masonry.h; sourceTree = "<group>"; };
		48104AC82134DE0100A8DBE7 /* MASConstraint.m */ = {isa = PBXFileReference; fileEncoding = 4; lastKnownFileType = sourcecode.c.objc; path = MASConstraint.m; sourceTree = "<group>"; };
		48104AC92134DE0100A8DBE7 /* ViewController+MASAdditions.h */ = {isa = PBXFileReference; fileEncoding = 4; lastKnownFileType = sourcecode.c.h; path = "ViewController+MASAdditions.h"; sourceTree = "<group>"; };
		48104ACA2134DE0100A8DBE7 /* MASViewConstraint.m */ = {isa = PBXFileReference; fileEncoding = 4; lastKnownFileType = sourcecode.c.objc; path = MASViewConstraint.m; sourceTree = "<group>"; };
		48104ACB2134DE0100A8DBE7 /* MASViewAttribute.m */ = {isa = PBXFileReference; fileEncoding = 4; lastKnownFileType = sourcecode.c.objc; path = MASViewAttribute.m; sourceTree = "<group>"; };
/* End PBXFileReference section */

/* Begin PBXFrameworksBuildPhase section */
		48104A682133C2CC00A8DBE7 /* Frameworks */ = {
			isa = PBXFrameworksBuildPhase;
			buildActionMask = 2147483647;
			files = (
			);
			runOnlyForDeploymentPostprocessing = 0;
		};
		48104A802133C2CD00A8DBE7 /* Frameworks */ = {
			isa = PBXFrameworksBuildPhase;
			buildActionMask = 2147483647;
			files = (
			);
			runOnlyForDeploymentPostprocessing = 0;
		};
		48104A8B2133C2CD00A8DBE7 /* Frameworks */ = {
			isa = PBXFrameworksBuildPhase;
			buildActionMask = 2147483647;
			files = (
			);
			runOnlyForDeploymentPostprocessing = 0;
		};
/* End PBXFrameworksBuildPhase section */

/* Begin PBXGroup section */
		48104A622133C2CC00A8DBE7 = {
			isa = PBXGroup;
			children = (
				48104A6D2133C2CC00A8DBE7 /* webdemo */,
				48104A862133C2CD00A8DBE7 /* webdemoTests */,
				48104A912133C2CD00A8DBE7 /* webdemoUITests */,
				48104A6C2133C2CC00A8DBE7 /* Products */,
			);
			sourceTree = "<group>";
		};
		48104A6C2133C2CC00A8DBE7 /* Products */ = {
			isa = PBXGroup;
			children = (
				48104A6B2133C2CC00A8DBE7 /* webdemo.app */,
				48104A832133C2CD00A8DBE7 /* webdemoTests.xctest */,
				48104A8E2133C2CD00A8DBE7 /* webdemoUITests.xctest */,
			);
			name = Products;
			sourceTree = "<group>";
		};
		48104A6D2133C2CC00A8DBE7 /* webdemo */ = {
			isa = PBXGroup;
			children = (
				48104AB22134DE0100A8DBE7 /* Masonry */,
				48104A6E2133C2CC00A8DBE7 /* AppDelegate.h */,
				48104A6F2133C2CD00A8DBE7 /* AppDelegate.m */,
				48104AA92134DD6900A8DBE7 /* WebViewController.h */,
				48104AAA2134DD6900A8DBE7 /* WebViewController.m */,
				48104AAC2134DDBF00A8DBE7 /* WebViewCell.h */,
				48104AAD2134DDC000A8DBE7 /* WebViewCell.m */,
				48104AAF2134DDEA00A8DBE7 /* TextViewCell.h */,
				48104AB02134DDEA00A8DBE7 /* TextViewCell.m */,
				48104A742133C2CD00A8DBE7 /* Main.storyboard */,
				48104A772133C2CD00A8DBE7 /* Assets.xcassets */,
				48104A792133C2CD00A8DBE7 /* LaunchScreen.storyboard */,
				48104A7C2133C2CD00A8DBE7 /* Info.plist */,
				48104A7D2133C2CD00A8DBE7 /* main.m */,
			);
			path = webdemo;
			sourceTree = "<group>";
		};
		48104A862133C2CD00A8DBE7 /* webdemoTests */ = {
			isa = PBXGroup;
			children = (
				48104A872133C2CD00A8DBE7 /* webdemoTests.m */,
				48104A892133C2CD00A8DBE7 /* Info.plist */,
			);
			path = webdemoTests;
			sourceTree = "<group>";
		};
		48104A912133C2CD00A8DBE7 /* webdemoUITests */ = {
			isa = PBXGroup;
			children = (
				48104A922133C2CD00A8DBE7 /* webdemoUITests.m */,
				48104A942133C2CD00A8DBE7 /* Info.plist */,
			);
			path = webdemoUITests;
			sourceTree = "<group>";
		};
		48104AB22134DE0100A8DBE7 /* Masonry */ = {
			isa = PBXGroup;
			children = (
				48104AB32134DE0100A8DBE7 /* MASCompositeConstraint.h */,
				48104AB42134DE0100A8DBE7 /* NSLayoutConstraint+MASDebugAdditions.m */,
				48104AB52134DE0100A8DBE7 /* MASConstraint+Private.h */,
				48104AB62134DE0100A8DBE7 /* MASLayoutConstraint.h */,
				48104AB72134DE0100A8DBE7 /* NSArray+MASShorthandAdditions.h */,
				48104AB82134DE0100A8DBE7 /* MASConstraintMaker.h */,
				48104AB92134DE0100A8DBE7 /* View+MASAdditions.h */,
				48104ABA2134DE0100A8DBE7 /* NSArray+MASAdditions.h */,
				48104ABB2134DE0100A8DBE7 /* MASUtilities.h */,
				48104ABC2134DE0100A8DBE7 /* MASViewAttribute.h */,
				48104ABD2134DE0100A8DBE7 /* ViewController+MASAdditions.m */,
				48104ABE2134DE0100A8DBE7 /* MASViewConstraint.h */,
				48104ABF2134DE0100A8DBE7 /* MASConstraint.h */,
				48104AC02134DE0100A8DBE7 /* NSLayoutConstraint+MASDebugAdditions.h */,
				48104AC12134DE0100A8DBE7 /* MASCompositeConstraint.m */,
				48104AC22134DE0100A8DBE7 /* MASConstraintMaker.m */,
				48104AC32134DE0100A8DBE7 /* MASLayoutConstraint.m */,
				48104AC42134DE0100A8DBE7 /* NSArray+MASAdditions.m */,
				48104AC52134DE0100A8DBE7 /* View+MASAdditions.m */,
				48104AC62134DE0100A8DBE7 /* View+MASShorthandAdditions.h */,
				48104AC72134DE0100A8DBE7 /* Masonry.h */,
				48104AC82134DE0100A8DBE7 /* MASConstraint.m */,
				48104AC92134DE0100A8DBE7 /* ViewController+MASAdditions.h */,
				48104ACA2134DE0100A8DBE7 /* MASViewConstraint.m */,
				48104ACB2134DE0100A8DBE7 /* MASViewAttribute.m */,
			);
			path = Masonry;
			sourceTree = "<group>";
		};
/* End PBXGroup section */

/* Begin PBXNativeTarget section */
		48104A6A2133C2CC00A8DBE7 /* webdemo */ = {
			isa = PBXNativeTarget;
			buildConfigurationList = 48104A972133C2CD00A8DBE7 /* Build configuration list for PBXNativeTarget "webdemo" */;
			buildPhases = (
				48104A672133C2CC00A8DBE7 /* Sources */,
				48104A682133C2CC00A8DBE7 /* Frameworks */,
				48104A692133C2CC00A8DBE7 /* Resources */,
			);
			buildRules = (
			);
			dependencies = (
			);
			name = webdemo;
			productName = webdemo;
			productReference = 48104A6B2133C2CC00A8DBE7 /* webdemo.app */;
			productType = "com.apple.product-type.application";
		};
		48104A822133C2CD00A8DBE7 /* webdemoTests */ = {
			isa = PBXNativeTarget;
			buildConfigurationList = 48104A9A2133C2CD00A8DBE7 /* Build configuration list for PBXNativeTarget "webdemoTests" */;
			buildPhases = (
				48104A7F2133C2CD00A8DBE7 /* Sources */,
				48104A802133C2CD00A8DBE7 /* Frameworks */,
				48104A812133C2CD00A8DBE7 /* Resources */,
			);
			buildRules = (
			);
			dependencies = (
				48104A852133C2CD00A8DBE7 /* PBXTargetDependency */,
			);
			name = webdemoTests;
			productName = webdemoTests;
			productReference = 48104A832133C2CD00A8DBE7 /* webdemoTests.xctest */;
			productType = "com.apple.product-type.bundle.unit-test";
		};
		48104A8D2133C2CD00A8DBE7 /* webdemoUITests */ = {
			isa = PBXNativeTarget;
			buildConfigurationList = 48104A9D2133C2CD00A8DBE7 /* Build configuration list for PBXNativeTarget "webdemoUITests" */;
			buildPhases = (
				48104A8A2133C2CD00A8DBE7 /* Sources */,
				48104A8B2133C2CD00A8DBE7 /* Frameworks */,
				48104A8C2133C2CD00A8DBE7 /* Resources */,
			);
			buildRules = (
			);
			dependencies = (
				48104A902133C2CD00A8DBE7 /* PBXTargetDependency */,
			);
			name = webdemoUITests;
			productName = webdemoUITests;
			productReference = 48104A8E2133C2CD00A8DBE7 /* webdemoUITests.xctest */;
			productType = "com.apple.product-type.bundle.ui-testing";
		};
/* End PBXNativeTarget section */

/* Begin PBXProject section */
		48104A632133C2CC00A8DBE7 /* Project object */ = {
			isa = PBXProject;
			attributes = {
				LastUpgradeCheck = 0940;
				ORGANIZATIONNAME = Once;
				TargetAttributes = {
					48104A6A2133C2CC00A8DBE7 = {
						CreatedOnToolsVersion = 9.4.1;
					};
					48104A822133C2CD00A8DBE7 = {
						CreatedOnToolsVersion = 9.4.1;
						TestTargetID = 48104A6A2133C2CC00A8DBE7;
					};
					48104A8D2133C2CD00A8DBE7 = {
						CreatedOnToolsVersion = 9.4.1;
						TestTargetID = 48104A6A2133C2CC00A8DBE7;
					};
				};
			};
			buildConfigurationList = 48104A662133C2CC00A8DBE7 /* Build configuration list for PBXProject "webdemo" */;
			compatibilityVersion = "Xcode 9.3";
			developmentRegion = en;
			hasScannedForEncodings = 0;
			knownRegions = (
				en,
				Base,
			);
			mainGroup = 48104A622133C2CC00A8DBE7;
			productRefGroup = 48104A6C2133C2CC00A8DBE7 /* Products */;
			projectDirPath = "";
			projectRoot = "";
			targets = (
				48104A6A2133C2CC00A8DBE7 /* webdemo */,
				48104A822133C2CD00A8DBE7 /* webdemoTests */,
				48104A8D2133C2CD00A8DBE7 /* webdemoUITests */,
			);
		};
/* End PBXProject section */

/* Begin PBXResourcesBuildPhase section */
		48104A692133C2CC00A8DBE7 /* Resources */ = {
			isa = PBXResourcesBuildPhase;
			buildActionMask = 2147483647;
			files = (
				48104A7B2133C2CD00A8DBE7 /* LaunchScreen.storyboard in Resources */,
				48104A782133C2CD00A8DBE7 /* Assets.xcassets in Resources */,
				48104A762133C2CD00A8DBE7 /* Main.storyboard in Resources */,
			);
			runOnlyForDeploymentPostprocessing = 0;
		};
		48104A812133C2CD00A8DBE7 /* Resources */ = {
			isa = PBXResourcesBuildPhase;
			buildActionMask = 2147483647;
			files = (
			);
			runOnlyForDeploymentPostprocessing = 0;
		};
		48104A8C2133C2CD00A8DBE7 /* Resources */ = {
			isa = PBXResourcesBuildPhase;
			buildActionMask = 2147483647;
			files = (
			);
			runOnlyForDeploymentPostprocessing = 0;
		};
/* End PBXResourcesBuildPhase section */

/* Begin PBXSourcesBuildPhase section */
		48104A672133C2CC00A8DBE7 /* Sources */ = {
			isa = PBXSourcesBuildPhase;
			buildActionMask = 2147483647;
			files = (
				48104A7E2133C2CD00A8DBE7 /* main.m in Sources */,
				48104AAE2134DDC000A8DBE7 /* WebViewCell.m in Sources */,
				48104AD02134DE0100A8DBE7 /* MASLayoutConstraint.m in Sources */,
				48104AAB2134DD6900A8DBE7 /* WebViewController.m in Sources */,
				48104A702133C2CD00A8DBE7 /* AppDelegate.m in Sources */,
				48104AD52134DE0100A8DBE7 /* MASViewAttribute.m in Sources */,
				48104AD12134DE0100A8DBE7 /* NSArray+MASAdditions.m in Sources */,
				48104ACE2134DE0100A8DBE7 /* MASCompositeConstraint.m in Sources */,
				48104ACF2134DE0100A8DBE7 /* MASConstraintMaker.m in Sources */,
				48104AD22134DE0100A8DBE7 /* View+MASAdditions.m in Sources */,
				48104ACD2134DE0100A8DBE7 /* ViewController+MASAdditions.m in Sources */,
				48104AB12134DDEA00A8DBE7 /* TextViewCell.m in Sources */,
				48104AD42134DE0100A8DBE7 /* MASViewConstraint.m in Sources */,
				48104ACC2134DE0100A8DBE7 /* NSLayoutConstraint+MASDebugAdditions.m in Sources */,
				48104AD32134DE0100A8DBE7 /* MASConstraint.m in Sources */,
			);
			runOnlyForDeploymentPostprocessing = 0;
		};
		48104A7F2133C2CD00A8DBE7 /* Sources */ = {
			isa = PBXSourcesBuildPhase;
			buildActionMask = 2147483647;
			files = (
				48104A882133C2CD00A8DBE7 /* webdemoTests.m in Sources */,
			);
			runOnlyForDeploymentPostprocessing = 0;
		};
		48104A8A2133C2CD00A8DBE7 /* Sources */ = {
			isa = PBXSourcesBuildPhase;
			buildActionMask = 2147483647;
			files = (
				48104A932133C2CD00A8DBE7 /* webdemoUITests.m in Sources */,
			);
			runOnlyForDeploymentPostprocessing = 0;
		};
/* End PBXSourcesBuildPhase section */

/* Begin PBXTargetDependency section */
		48104A852133C2CD00A8DBE7 /* PBXTargetDependency */ = {
			isa = PBXTargetDependency;
			target = 48104A6A2133C2CC00A8DBE7 /* webdemo */;
			targetProxy = 48104A842133C2CD00A8DBE7 /* PBXContainerItemProxy */;
		};
		48104A902133C2CD00A8DBE7 /* PBXTargetDependency */ = {
			isa = PBXTargetDependency;
			target = 48104A6A2133C2CC00A8DBE7 /* webdemo */;
			targetProxy = 48104A8F2133C2CD00A8DBE7 /* PBXContainerItemProxy */;
		};
/* End PBXTargetDependency section */

/* Begin PBXVariantGroup section */
		48104A742133C2CD00A8DBE7 /* Main.storyboard */ = {
			isa = PBXVariantGroup;
			children = (
				48104A752133C2CD00A8DBE7 /* Base */,
			);
			name = Main.storyboard;
			sourceTree = "<group>";
		};
		48104A792133C2CD00A8DBE7 /* LaunchScreen.storyboard */ = {
			isa = PBXVariantGroup;
			children = (
				48104A7A2133C2CD00A8DBE7 /* Base */,
			);
			name = LaunchScreen.storyboard;
			sourceTree = "<group>";
		};
/* End PBXVariantGroup section */

/* Begin XCBuildConfiguration section */
		48104A952133C2CD00A8DBE7 /* Debug */ = {
			isa = XCBuildConfiguration;
			buildSettings = {
				ALWAYS_SEARCH_USER_PATHS = NO;
				CLANG_ANALYZER_NONNULL = YES;
				CLANG_ANALYZER_NUMBER_OBJECT_CONVERSION = YES_AGGRESSIVE;
				CLANG_CXX_LANGUAGE_STANDARD = "gnu++14";
				CLANG_CXX_LIBRARY = "libc++";
				CLANG_ENABLE_MODULES = YES;
				CLANG_ENABLE_OBJC_ARC = YES;
				CLANG_ENABLE_OBJC_WEAK = YES;
				CLANG_WARN_BLOCK_CAPTURE_AUTORELEASING = YES;
				CLANG_WARN_BOOL_CONVERSION = YES;
				CLANG_WARN_COMMA = YES;
				CLANG_WARN_CONSTANT_CONVERSION = YES;
				CLANG_WARN_DEPRECATED_OBJC_IMPLEMENTATIONS = YES;
				CLANG_WARN_DIRECT_OBJC_ISA_USAGE = YES_ERROR;
				CLANG_WARN_DOCUMENTATION_COMMENTS = YES;
				CLANG_WARN_EMPTY_BODY = YES;
				CLANG_WARN_ENUM_CONVERSION = YES;
				CLANG_WARN_INFINITE_RECURSION = YES;
				CLANG_WARN_INT_CONVERSION = YES;
				CLANG_WARN_NON_LITERAL_NULL_CONVERSION = YES;
				CLANG_WARN_OBJC_IMPLICIT_RETAIN_SELF = YES;
				CLANG_WARN_OBJC_LITERAL_CONVERSION = YES;
				CLANG_WARN_OBJC_ROOT_CLASS = YES_ERROR;
				CLANG_WARN_RANGE_LOOP_ANALYSIS = YES;
				CLANG_WARN_STRICT_PROTOTYPES = YES;
				CLANG_WARN_SUSPICIOUS_MOVE = YES;
				CLANG_WARN_UNGUARDED_AVAILABILITY = YES_AGGRESSIVE;
				CLANG_WARN_UNREACHABLE_CODE = YES;
				CLANG_WARN__DUPLICATE_METHOD_MATCH = YES;
				CODE_SIGN_IDENTITY = "iPhone Developer";
				COPY_PHASE_STRIP = NO;
				DEBUG_INFORMATION_FORMAT = dwarf;
				ENABLE_STRICT_OBJC_MSGSEND = YES;
				ENABLE_TESTABILITY = YES;
				GCC_C_LANGUAGE_STANDARD = gnu11;
				GCC_DYNAMIC_NO_PIC = NO;
				GCC_NO_COMMON_BLOCKS = YES;
				GCC_OPTIMIZATION_LEVEL = 0;
				GCC_PREPROCESSOR_DEFINITIONS = (
					"DEBUG=1",
					"$(inherited)",
				);
				GCC_WARN_64_TO_32_BIT_CONVERSION = YES;
				GCC_WARN_ABOUT_RETURN_TYPE = YES_ERROR;
				GCC_WARN_UNDECLARED_SELECTOR = YES;
				GCC_WARN_UNINITIALIZED_AUTOS = YES_AGGRESSIVE;
				GCC_WARN_UNUSED_FUNCTION = YES;
				GCC_WARN_UNUSED_VARIABLE = YES;
				IPHONEOS_DEPLOYMENT_TARGET = 11.4;
				MTL_ENABLE_DEBUG_INFO = YES;
				ONLY_ACTIVE_ARCH = YES;
				SDKROOT = iphoneos;
			};
			name = Debug;
		};
		48104A962133C2CD00A8DBE7 /* Release */ = {
			isa = XCBuildConfiguration;
			buildSettings = {
				ALWAYS_SEARCH_USER_PATHS = NO;
				CLANG_ANALYZER_NONNULL = YES;
				CLANG_ANALYZER_NUMBER_OBJECT_CONVERSION = YES_AGGRESSIVE;
				CLANG_CXX_LANGUAGE_STANDARD = "gnu++14";
				CLANG_CXX_LIBRARY = "libc++";
				CLANG_ENABLE_MODULES = YES;
				CLANG_ENABLE_OBJC_ARC = YES;
				CLANG_ENABLE_OBJC_WEAK = YES;
				CLANG_WARN_BLOCK_CAPTURE_AUTORELEASING = YES;
				CLANG_WARN_BOOL_CONVERSION = YES;
				CLANG_WARN_COMMA = YES;
				CLANG_WARN_CONSTANT_CONVERSION = YES;
				CLANG_WARN_DEPRECATED_OBJC_IMPLEMENTATIONS = YES;
				CLANG_WARN_DIRECT_OBJC_ISA_USAGE = YES_ERROR;
				CLANG_WARN_DOCUMENTATION_COMMENTS = YES;
				CLANG_WARN_EMPTY_BODY = YES;
				CLANG_WARN_ENUM_CONVERSION = YES;
				CLANG_WARN_INFINITE_RECURSION = YES;
				CLANG_WARN_INT_CONVERSION = YES;
				CLANG_WARN_NON_LITERAL_NULL_CONVERSION = YES;
				CLANG_WARN_OBJC_IMPLICIT_RETAIN_SELF = YES;
				CLANG_WARN_OBJC_LITERAL_CONVERSION = YES;
				CLANG_WARN_OBJC_ROOT_CLASS = YES_ERROR;
				CLANG_WARN_RANGE_LOOP_ANALYSIS = YES;
				CLANG_WARN_STRICT_PROTOTYPES = YES;
				CLANG_WARN_SUSPICIOUS_MOVE = YES;
				CLANG_WARN_UNGUARDED_AVAILABILITY = YES_AGGRESSIVE;
				CLANG_WARN_UNREACHABLE_CODE = YES;
				CLANG_WARN__DUPLICATE_METHOD_MATCH = YES;
				CODE_SIGN_IDENTITY = "iPhone Developer";
				COPY_PHASE_STRIP = NO;
				DEBUG_INFORMATION_FORMAT = "dwarf-with-dsym";
				ENABLE_NS_ASSERTIONS = NO;
				ENABLE_STRICT_OBJC_MSGSEND = YES;
				GCC_C_LANGUAGE_STANDARD = gnu11;
				GCC_NO_COMMON_BLOCKS = YES;
				GCC_WARN_64_TO_32_BIT_CONVERSION = YES;
				GCC_WARN_ABOUT_RETURN_TYPE = YES_ERROR;
				GCC_WARN_UNDECLARED_SELECTOR = YES;
				GCC_WARN_UNINITIALIZED_AUTOS = YES_AGGRESSIVE;
				GCC_WARN_UNUSED_FUNCTION = YES;
				GCC_WARN_UNUSED_VARIABLE = YES;
				IPHONEOS_DEPLOYMENT_TARGET = 11.4;
				MTL_ENABLE_DEBUG_INFO = NO;
				SDKROOT = iphoneos;
				VALIDATE_PRODUCT = YES;
			};
			name = Release;
		};
		48104A982133C2CD00A8DBE7 /* Debug */ = {
			isa = XCBuildConfiguration;
			buildSettings = {
				ASSETCATALOG_COMPILER_APPICON_NAME = AppIcon;
				CODE_SIGN_STYLE = Automatic;
				DEVELOPMENT_TEAM = 893D33K8C3;
				INFOPLIST_FILE = webdemo/Info.plist;
				LD_RUNPATH_SEARCH_PATHS = (
					"$(inherited)",
					"@executable_path/Frameworks",
				);
				PRODUCT_BUNDLE_IDENTIFIER = xx.webdemo;
				PRODUCT_NAME = "$(TARGET_NAME)";
				TARGETED_DEVICE_FAMILY = "1,2";
			};
			name = Debug;
		};
		48104A992133C2CD00A8DBE7 /* Release */ = {
			isa = XCBuildConfiguration;
			buildSettings = {
				ASSETCATALOG_COMPILER_APPICON_NAME = AppIcon;
				CODE_SIGN_STYLE = Automatic;
				DEVELOPMENT_TEAM = 893D33K8C3;
				INFOPLIST_FILE = webdemo/Info.plist;
				LD_RUNPATH_SEARCH_PATHS = (
					"$(inherited)",
					"@executable_path/Frameworks",
				);
				PRODUCT_BUNDLE_IDENTIFIER = xx.webdemo;
				PRODUCT_NAME = "$(TARGET_NAME)";
				TARGETED_DEVICE_FAMILY = "1,2";
			};
			name = Release;
		};
		48104A9B2133C2CD00A8DBE7 /* Debug */ = {
			isa = XCBuildConfiguration;
			buildSettings = {
				BUNDLE_LOADER = "$(TEST_HOST)";
				CODE_SIGN_STYLE = Automatic;
				DEVELOPMENT_TEAM = 893D33K8C3;
				INFOPLIST_FILE = webdemoTests/Info.plist;
				LD_RUNPATH_SEARCH_PATHS = (
					"$(inherited)",
					"@executable_path/Frameworks",
					"@loader_path/Frameworks",
				);
				PRODUCT_BUNDLE_IDENTIFIER = xx.webdemoTests;
				PRODUCT_NAME = "$(TARGET_NAME)";
				TARGETED_DEVICE_FAMILY = "1,2";
				TEST_HOST = "$(BUILT_PRODUCTS_DIR)/webdemo.app/webdemo";
			};
			name = Debug;
		};
		48104A9C2133C2CD00A8DBE7 /* Release */ = {
			isa = XCBuildConfiguration;
			buildSettings = {
				BUNDLE_LOADER = "$(TEST_HOST)";
				CODE_SIGN_STYLE = Automatic;
				DEVELOPMENT_TEAM = 893D33K8C3;
				INFOPLIST_FILE = webdemoTests/Info.plist;
				LD_RUNPATH_SEARCH_PATHS = (
					"$(inherited)",
					"@executable_path/Frameworks",
					"@loader_path/Frameworks",
				);
				PRODUCT_BUNDLE_IDENTIFIER = xx.webdemoTests;
				PRODUCT_NAME = "$(TARGET_NAME)";
				TARGETED_DEVICE_FAMILY = "1,2";
				TEST_HOST = "$(BUILT_PRODUCTS_DIR)/webdemo.app/webdemo";
			};
			name = Release;
		};
		48104A9E2133C2CD00A8DBE7 /* Debug */ = {
			isa = XCBuildConfiguration;
			buildSettings = {
				CODE_SIGN_STYLE = Automatic;
				DEVELOPMENT_TEAM = 893D33K8C3;
				INFOPLIST_FILE = webdemoUITests/Info.plist;
				LD_RUNPATH_SEARCH_PATHS = (
					"$(inherited)",
					"@executable_path/Frameworks",
					"@loader_path/Frameworks",
				);
				PRODUCT_BUNDLE_IDENTIFIER = xx.webdemoUITests;
				PRODUCT_NAME = "$(TARGET_NAME)";
				TARGETED_DEVICE_FAMILY = "1,2";
				TEST_TARGET_NAME = webdemo;
			};
			name = Debug;
		};
		48104A9F2133C2CD00A8DBE7 /* Release */ = {
			isa = XCBuildConfiguration;
			buildSettings = {
				CODE_SIGN_STYLE = Automatic;
				DEVELOPMENT_TEAM = 893D33K8C3;
				INFOPLIST_FILE = webdemoUITests/Info.plist;
				LD_RUNPATH_SEARCH_PATHS = (
					"$(inherited)",
					"@executable_path/Frameworks",
					"@loader_path/Frameworks",
				);
				PRODUCT_BUNDLE_IDENTIFIER = xx.webdemoUITests;
				PRODUCT_NAME = "$(TARGET_NAME)";
				TARGETED_DEVICE_FAMILY = "1,2";
				TEST_TARGET_NAME = webdemo;
			};
			name = Release;
		};
/* End XCBuildConfiguration section */

/* Begin XCConfigurationList section */
		48104A662133C2CC00A8DBE7 /* Build configuration list for PBXProject "webdemo" */ = {
			isa = XCConfigurationList;
			buildConfigurations = (
				48104A952133C2CD00A8DBE7 /* Debug */,
				48104A962133C2CD00A8DBE7 /* Release */,
			);
			defaultConfigurationIsVisible = 0;
			defaultConfigurationName = Release;
		};
		48104A972133C2CD00A8DBE7 /* Build configuration list for PBXNativeTarget "webdemo" */ = {
			isa = XCConfigurationList;
			buildConfigurations = (
				48104A982133C2CD00A8DBE7 /* Debug */,
				48104A992133C2CD00A8DBE7 /* Release */,
			);
			defaultConfigurationIsVisible = 0;
			defaultConfigurationName = Release;
		};
		48104A9A2133C2CD00A8DBE7 /* Build configuration list for PBXNativeTarget "webdemoTests" */ = {
			isa = XCConfigurationList;
			buildConfigurations = (
				48104A9B2133C2CD00A8DBE7 /* Debug */,
				48104A9C2133C2CD00A8DBE7 /* Release */,
			);
			defaultConfigurationIsVisible = 0;
			defaultConfigurationName = Release;
		};
		48104A9D2133C2CD00A8DBE7 /* Build configuration list for PBXNativeTarget "webdemoUITests" */ = {
			isa = XCConfigurationList;
			buildConfigurations = (
				48104A9E2133C2CD00A8DBE7 /* Debug */,
				48104A9F2133C2CD00A8DBE7 /* Release */,
			);
			defaultConfigurationIsVisible = 0;
			defaultConfigurationName = Release;
		};
/* End XCConfigurationList section */
	};
	rootObject = 48104A632133C2CC00A8DBE7 /* Project object */;
}
